
Microsoft Visual Studio Solution File, Format Version 12.00
# Visual Studio Version 16
VisualStudioVersion = 16.0.29613.14
MinimumVisualStudioVersion = 10.0.40219.1
Project("{FAE04EC0-301F-11D3-BF4B-00C04F79EFBC}") = "ExceptionsDemo", "ExceptionsDemo\ExceptionsDemo.csproj", "{7A036EC4-FBE4-42B5-93DA-750B4E62AEB8}"
EndProject
Global
	GlobalSection(SolutionConfigurationPlatforms) = preSolution
		Debug|Any CPU = Debug|Any CPU
		Release|Any CPU = Release|Any CPU
	EndGlobalSection
	GlobalSection(ProjectConfigurationPlatforms) = postSolution
		{7A036EC4-FBE4-42B5-93DA-750B4E62AEB8}.Debug|Any CPU.ActiveCfg = Debug|Any CPU
		{7A036EC4-FBE4-42B5-93DA-750B4E62AEB8}.Debug|Any CPU.Build.0 = Debug|Any CPU
		{7A036EC4-FBE4-42B5-93DA-750B4E62AEB8}.Release|Any CPU.ActiveCfg = Release|Any CPU
		{7A036EC4-FBE4-42B5-93DA-750B4E62AEB8}.Release|Any CPU.Build.0 = Release|Any CPU
	EndGlobalSection
	GlobalSection(SolutionProperties) = preSolution
		HideSolutionNode = FALSE
	EndGlobalSection
	GlobalSection(ExtensibilityGlobals) = postSolution
		SolutionGuid = {8562F08C-FC29-40AC-BD76-BF951BEDBBF9}
	EndGlobalSection
EndGlobal
